
Microsoft Visual Studio Solution File, Format Version 12.00
# Visual Studio 2012
Project("{FAE04EC0-301F-11D3-BF4B-00C04F79EFBC}") = "StringBasedCommunicationFacilitator", "StringBasedCommunicationFacilitator\StringBasedCommunicationFacilitator.csproj", "{228F2E14-0708-47C9-ABCC-DD162E394D27}"
EndProject
Project("{FAE04EC0-301F-11D3-BF4B-00C04F79EFBC}") = "Test", "Test\Test.csproj", "{794CD312-59CA-43A2-A691-C33526C702B1}"
	ProjectSection(ProjectDependencies) = postProject
		{228F2E14-0708-47C9-ABCC-DD162E394D27} = {228F2E14-0708-47C9-ABCC-DD162E394D27}
	EndProjectSection
EndProject
Global
	GlobalSection(SolutionConfigurationPlatforms) = preSolution
		Debug|Any CPU = Debug|Any CPU
		Release|Any CPU = Release|Any CPU
	EndGlobalSection
	GlobalSection(ProjectConfigurationPlatforms) = postSolution
		{228F2E14-0708-47C9-ABCC-DD162E394D27}.Debug|Any CPU.ActiveCfg = Debug|Any CPU
		{228F2E14-0708-47C9-ABCC-DD162E394D27}.Debug|Any CPU.Build.0 = Debug|Any CPU
		{228F2E14-0708-47C9-ABCC-DD162E394D27}.Release|Any CPU.ActiveCfg = Release|Any CPU
		{228F2E14-0708-47C9-ABCC-DD162E394D27}.Release|Any CPU.Build.0 = Release|Any CPU
		{794CD312-59CA-43A2-A691-C33526C702B1}.Debug|Any CPU.ActiveCfg = Debug|Any CPU
		{794CD312-59CA-43A2-A691-C33526C702B1}.Debug|Any CPU.Build.0 = Debug|Any CPU
		{794CD312-59CA-43A2-A691-C33526C702B1}.Release|Any CPU.ActiveCfg = Release|Any CPU
		{794CD312-59CA-43A2-A691-C33526C702B1}.Release|Any CPU.Build.0 = Release|Any CPU
	EndGlobalSection
	GlobalSection(SolutionProperties) = preSolution
		HideSolutionNode = FALSE
	EndGlobalSection
EndGlobal
